// !$*UTF8*$!
{
	archiveVersion = 1;
	classes = {
	};
	objectVersion = 50;
	objects = {

/* Begin PBXBuildFile section */
		644A6A98229CE49E00FFD6C1 /* AppDelegate.swift in Sources */ = {isa = PBXBuildFile; fileRef = 644A6A97229CE49E00FFD6C1 /* AppDelegate.swift */; };
		644A6A9A229CE49E00FFD6C1 /* ViewController.swift in Sources */ = {isa = PBXBuildFile; fileRef = 644A6A99229CE49E00FFD6C1 /* ViewController.swift */; };
		644A6A9D229CE49E00FFD6C1 /* Main.storyboard in Resources */ = {isa = PBXBuildFile; fileRef = 644A6A9B229CE49E00FFD6C1 /* Main.storyboard */; };
		644A6A9F229CE4A000FFD6C1 /* Assets.xcassets in Resources */ = {isa = PBXBuildFile; fileRef = 644A6A9E229CE4A000FFD6C1 /* Assets.xcassets */; };
		644A6AA2229CE4A000FFD6C1 /* LaunchScreen.storyboard in Resources */ = {isa = PBXBuildFile; fileRef = 644A6AA0229CE4A000FFD6C1 /* LaunchScreen.storyboard */; };
		644A6AAA229CE5CF00FFD6C1 /* ViewController2.swift in Sources */ = {isa = PBXBuildFile; fileRef = 644A6AA9229CE5CF00FFD6C1 /* ViewController2.swift */; };
/* End PBXBuildFile section */

/* Begin PBXFileReference section */
		644A6A94229CE49E00FFD6C1 /* PullDownToDismiss.app */ = {isa = PBXFileReference; explicitFileType = wrapper.application; includeInIndex = 0; path = PullDownToDismiss.app; sourceTree = BUILT_PRODUCTS_DIR; };
		644A6A97229CE49E00FFD6C1 /* AppDelegate.swift */ = {isa = PBXFileReference; lastKnownFileType = sourcecode.swift; path = AppDelegate.swift; sourceTree = "<group>"; };
		644A6A99229CE49E00FFD6C1 /* ViewController.swift */ = {isa = PBXFileReference; lastKnownFileType = sourcecode.swift; path = ViewController.swift; sourceTree = "<group>"; };
		644A6A9C229CE49E00FFD6C1 /* Base */ = {isa = PBXFileReference; lastKnownFileType = file.storyboard; name = Base; path = Base.lproj/Main.storyboard; sourceTree = "<group>"; };
		644A6A9E229CE4A000FFD6C1 /* Assets.xcassets */ = {isa = PBXFileReference; lastKnownFileType = folder.assetcatalog; path = Assets.xcassets; sourceTree = "<group>"; };
		644A6AA1229CE4A000FFD6C1 /* Base */ = {isa = PBXFileReference; lastKnownFileType = file.storyboard; name = Base; path = Base.lproj/LaunchScreen.storyboard; sourceTree = "<group>"; };
		644A6AA3229CE4A000FFD6C1 /* Info.plist */ = {isa = PBXFileReference; lastKnownFileType = text.plist.xml; path = Info.plist; sourceTree = "<group>"; };
		644A6AA9229CE5CF00FFD6C1 /* ViewController2.swift */ = {isa = PBXFileReference; lastKnownFileType = sourcecode.swift; path = ViewController2.swift; sourceTree = "<group>"; };
/* End PBXFileReference section */

/* Begin PBXFrameworksBuildPhase section */
		644A6A91229CE49E00FFD6C1 /* Frameworks */ = {
			isa = PBXFrameworksBuildPhase;
			buildActionMask = 2147483647;
			files = (
			);
			runOnlyForDeploymentPostprocessing = 0;
		};
/* End PBXFrameworksBuildPhase section */

/* Begin PBXGroup section */
		644A6A8B229CE49E00FFD6C1 = {
			isa = PBXGroup;
			children = (
				644A6A96229CE49E00FFD6C1 /* PullDownToDismiss */,
				644A6A95229CE49E00FFD6C1 /* Products */,
			);
			sourceTree = "<group>";
		};
		644A6A95229CE49E00FFD6C1 /* Products */ = {
			isa = PBXGroup;
			children = (
				644A6A94229CE49E00FFD6C1 /* PullDownToDismiss.app */,
			);
			name = Products;
			sourceTree = "<group>";
		};
		644A6A96229CE49E00FFD6C1 /* PullDownToDismiss */ = {
			isa = PBXGroup;
			children = (
				644A6A97229CE49E00FFD6C1 /* AppDelegate.swift */,
				644A6A99229CE49E00FFD6C1 /* ViewController.swift */,
				644A6A9B229CE49E00FFD6C1 /* Main.storyboard */,
				644A6A9E229CE4A000FFD6C1 /* Assets.xcassets */,
				644A6AA0229CE4A000FFD6C1 /* LaunchScreen.storyboard */,
				644A6AA3229CE4A000FFD6C1 /* Info.plist */,
				644A6AA9229CE5CF00FFD6C1 /* ViewController2.swift */,
			);
			path = PullDownToDismiss;
			sourceTree = "<group>";
		};
/* End PBXGroup section */

/* Begin PBXNativeTarget section */
		644A6A93229CE49E00FFD6C1 /* PullDownToDismiss */ = {
			isa = PBXNativeTarget;
			buildConfigurationList = 644A6AA6229CE4A000FFD6C1 /* Build configuration list for PBXNativeTarget "PullDownToDismiss" */;
			buildPhases = (
				644A6A90229CE49E00FFD6C1 /* Sources */,
				644A6A91229CE49E00FFD6C1 /* Frameworks */,
				644A6A92229CE49E00FFD6C1 /* Resources */,
			);
			buildRules = (
			);
			dependencies = (
			);
			name = PullDownToDismiss;
			productName = PullDownToDismiss;
			productReference = 644A6A94229CE49E00FFD6C1 /* PullDownToDismiss.app */;
			productType = "com.apple.product-type.application";
		};
/* End PBXNativeTarget section */

/* Begin PBXProject section */
		644A6A8C229CE49E00FFD6C1 /* Project object */ = {
			isa = PBXProject;
			attributes = {
				LastSwiftUpdateCheck = 1020;
				LastUpgradeCheck = 1020;
				ORGANIZATIONNAME = "Thein Htike Aung";
				TargetAttributes = {
					644A6A93229CE49E00FFD6C1 = {
						CreatedOnToolsVersion = 10.2.1;
					};
				};
			};
			buildConfigurationList = 644A6A8F229CE49E00FFD6C1 /* Build configuration list for PBXProject "PullDownToDismiss" */;
			compatibilityVersion = "Xcode 9.3";
			developmentRegion = en;
			hasScannedForEncodings = 0;
			knownRegions = (
				en,
				Base,
			);
			mainGroup = 644A6A8B229CE49E00FFD6C1;
			productRefGroup = 644A6A95229CE49E00FFD6C1 /* Products */;
			projectDirPath = "";
			projectRoot = "";
			targets = (
				644A6A93229CE49E00FFD6C1 /* PullDownToDismiss */,
			);
		};
/* End PBXProject section */

/* Begin PBXResourcesBuildPhase section */
		644A6A92229CE49E00FFD6C1 /* Resources */ = {
			isa = PBXResourcesBuildPhase;
			buildActionMask = 2147483647;
			files = (
				644A6AA2229CE4A000FFD6C1 /* LaunchScreen.storyboard in Resources */,
				644A6A9F229CE4A000FFD6C1 /* Assets.xcassets in Resources */,
				644A6A9D229CE49E00FFD6C1 /* Main.storyboard in Resources */,
			);
			runOnlyForDeploymentPostprocessing = 0;
		};
/* End PBXResourcesBuildPhase section */

/* Begin PBXSourcesBuildPhase section */
		644A6A90229CE49E00FFD6C1 /* Sources */ = {
			isa = PBXSourcesBuildPhase;
			buildActionMask = 2147483647;
			files = (
				644A6A9A229CE49E00FFD6C1 /* ViewController.swift in Sources */,
				644A6A98229CE49E00FFD6C1 /* AppDelegate.swift in Sources */,
				644A6AAA229CE5CF00FFD6C1 /* ViewController2.swift in Sources */,
			);
			runOnlyForDeploymentPostprocessing = 0;
		};
/* End PBXSourcesBuildPhase section */

/* Begin PBXVariantGroup section */
		644A6A9B229CE49E00FFD6C1 /* Main.storyboard */ = {
			isa = PBXVariantGroup;
			children = (
				644A6A9C229CE49E00FFD6C1 /* Base */,
			);
			name = Main.storyboard;
			sourceTree = "<group>";
		};
		644A6AA0229CE4A000FFD6C1 /* LaunchScreen.storyboard */ = {
			isa = PBXVariantGroup;
			children = (
				644A6AA1229CE4A000FFD6C1 /* Base */,
			);
			name = LaunchScreen.storyboard;
			sourceTree = "<group>";
		};
/* End PBXVariantGroup section */

/* Begin XCBuildConfiguration section */
		644A6AA4229CE4A000FFD6C1 /* Debug */ = {
			isa = XCBuildConfiguration;
			buildSettings = {
				ALWAYS_SEARCH_USER_PATHS = NO;
				CLANG_ANALYZER_NONNULL = YES;
				CLANG_ANALYZER_NUMBER_OBJECT_CONVERSION = YES_AGGRESSIVE;
				CLANG_CXX_LANGUAGE_STANDARD = "gnu++14";
				CLANG_CXX_LIBRARY = "libc++";
				CLANG_ENABLE_MODULES = YES;
				CLANG_ENABLE_OBJC_ARC = YES;
				CLANG_ENABLE_OBJC_WEAK = YES;
				CLANG_WARN_BLOCK_CAPTURE_AUTORELEASING = YES;
				CLANG_WARN_BOOL_CONVERSION = YES;
				CLANG_WARN_COMMA = YES;
				CLANG_WARN_CONSTANT_CONVERSION = YES;
				CLANG_WARN_DEPRECATED_OBJC_IMPLEMENTATIONS = YES;
				CLANG_WARN_DIRECT_OBJC_ISA_USAGE = YES_ERROR;
				CLANG_WARN_DOCUMENTATION_COMMENTS = YES;
				CLANG_WARN_EMPTY_BODY = YES;
				CLANG_WARN_ENUM_CONVERSION = YES;
				CLANG_WARN_INFINITE_RECURSION = YES;
				CLANG_WARN_INT_CONVERSION = YES;
				CLANG_WARN_NON_LITERAL_NULL_CONVERSION = YES;
				CLANG_WARN_OBJC_IMPLICIT_RETAIN_SELF = YES;
				CLANG_WARN_OBJC_LITERAL_CONVERSION = YES;
				CLANG_WARN_OBJC_ROOT_CLASS = YES_ERROR;
				CLANG_WARN_RANGE_LOOP_ANALYSIS = YES;
				CLANG_WARN_STRICT_PROTOTYPES = YES;
				CLANG_WARN_SUSPICIOUS_MOVE = YES;
				CLANG_WARN_UNGUARDED_AVAILABILITY = YES_AGGRESSIVE;
				CLANG_WARN_UNREACHABLE_CODE = YES;
				CLANG_WARN__DUPLICATE_METHOD_MATCH = YES;
				CODE_SIGN_IDENTITY = "iPhone Developer";
				COPY_PHASE_STRIP = NO;
				DEBUG_INFORMATION_FORMAT = dwarf;
				ENABLE_STRICT_OBJC_MSGSEND = YES;
				ENABLE_TESTABILITY = YES;
				GCC_C_LANGUAGE_STANDARD = gnu11;
				GCC_DYNAMIC_NO_PIC = NO;
				GCC_NO_COMMON_BLOCKS = YES;
				GCC_OPTIMIZATION_LEVEL = 0;
				GCC_PREPROCESSOR_DEFINITIONS = (
					"DEBUG=1",
					"$(inherited)",
				);
				GCC_WARN_64_TO_32_BIT_CONVERSION = YES;
				GCC_WARN_ABOUT_RETURN_TYPE = YES_ERROR;
				GCC_WARN_UNDECLARED_SELECTOR = YES;
				GCC_WARN_UNINITIALIZED_AUTOS = YES_AGGRESSIVE;
				GCC_WARN_UNUSED_FUNCTION = YES;
				GCC_WARN_UNUSED_VARIABLE = YES;
				IPHONEOS_DEPLOYMENT_TARGET = 12.2;
				MTL_ENABLE_DEBUG_INFO = INCLUDE_SOURCE;
				MTL_FAST_MATH = YES;
				ONLY_ACTIVE_ARCH = YES;
				SDKROOT = iphoneos;
				SWIFT_ACTIVE_COMPILATION_CONDITIONS = DEBUG;
				SWIFT_OPTIMIZATION_LEVEL = "-Onone";
			};
			name = Debug;
		};
		644A6AA5229CE4A000FFD6C1 /* Release */ = {
			isa = XCBuildConfiguration;
			buildSettings = {
				ALWAYS_SEARCH_USER_PATHS = NO;
				CLANG_ANALYZER_NONNULL = YES;
				CLANG_ANALYZER_NUMBER_OBJECT_CONVERSION = YES_AGGRESSIVE;
				CLANG_CXX_LANGUAGE_STANDARD = "gnu++14";
				CLANG_CXX_LIBRARY = "libc++";
				CLANG_ENABLE_MODULES = YES;
				CLANG_ENABLE_OBJC_ARC = YES;
				CLANG_ENABLE_OBJC_WEAK = YES;
				CLANG_WARN_BLOCK_CAPTURE_AUTORELEASING = YES;
				CLANG_WARN_BOOL_CONVERSION = YES;
				CLANG_WARN_COMMA = YES;
				CLANG_WARN_CONSTANT_CONVERSION = YES;
				CLANG_WARN_DEPRECATED_OBJC_IMPLEMENTATIONS = YES;
				CLANG_WARN_DIRECT_OBJC_ISA_USAGE = YES_ERROR;
				CLANG_WARN_DOCUMENTATION_COMMENTS = YES;
				CLANG_WARN_EMPTY_BODY = YES;
				CLANG_WARN_ENUM_CONVERSION = YES;
				CLANG_WARN_INFINITE_RECURSION = YES;
				CLANG_WARN_INT_CONVERSION = YES;
				CLANG_WARN_NON_LITERAL_NULL_CONVERSION = YES;
				CLANG_WARN_OBJC_IMPLICIT_RETAIN_SELF = YES;
				CLANG_WARN_OBJC_LITERAL_CONVERSION = YES;
				CLANG_WARN_OBJC_ROOT_CLASS = YES_ERROR;
				CLANG_WARN_RANGE_LOOP_ANALYSIS = YES;
				CLANG_WARN_STRICT_PROTOTYPES = YES;
				CLANG_WARN_SUSPICIOUS_MOVE = YES;
				CLANG_WARN_UNGUARDED_AVAILABILITY = YES_AGGRESSIVE;
				CLANG_WARN_UNREACHABLE_CODE = YES;
				CLANG_WARN__DUPLICATE_METHOD_MATCH = YES;
				CODE_SIGN_IDENTITY = "iPhone Developer";
				COPY_PHASE_STRIP = NO;
				DEBUG_INFORMATION_FORMAT = "dwarf-with-dsym";
				ENABLE_NS_ASSERTIONS = NO;
				ENABLE_STRICT_OBJC_MSGSEND = YES;
				GCC_C_LANGUAGE_STANDARD = gnu11;
				GCC_NO_COMMON_BLOCKS = YES;
				GCC_WARN_64_TO_32_BIT_CONVERSION = YES;
				GCC_WARN_ABOUT_RETURN_TYPE = YES_ERROR;
				GCC_WARN_UNDECLARED_SELECTOR = YES;
				GCC_WARN_UNINITIALIZED_AUTOS = YES_AGGRESSIVE;
				GCC_WARN_UNUSED_FUNCTION = YES;
				GCC_WARN_UNUSED_VARIABLE = YES;
				IPHONEOS_DEPLOYMENT_TARGET = 12.2;
				MTL_ENABLE_DEBUG_INFO = NO;
				MTL_FAST_MATH = YES;
				SDKROOT = iphoneos;
				SWIFT_COMPILATION_MODE = wholemodule;
				SWIFT_OPTIMIZATION_LEVEL = "-O";
				VALIDATE_PRODUCT = YES;
			};
			name = Release;
		};
		644A6AA7229CE4A000FFD6C1 /* Debug */ = {
			isa = XCBuildConfiguration;
			buildSettings = {
				ASSETCATALOG_COMPILER_APPICON_NAME = AppIcon;
				CODE_SIGN_STYLE = Automatic;
				DEVELOPMENT_TEAM = 4Q6BTG8MC6;
				INFOPLIST_FILE = PullDownToDismiss/Info.plist;
				LD_RUNPATH_SEARCH_PATHS = (
					"$(inherited)",
					"@executable_path/Frameworks",
				);
				PRODUCT_BUNDLE_IDENTIFIER = com.theinhtikeaung.PullDownToDismiss;
				PRODUCT_NAME = "$(TARGET_NAME)";
				SWIFT_VERSION = 5.0;
				TARGETED_DEVICE_FAMILY = "1,2";
			};
			name = Debug;
		};
		644A6AA8229CE4A000FFD6C1 /* Release */ = {
			isa = XCBuildConfiguration;
			buildSettings = {
				ASSETCATALOG_COMPILER_APPICON_NAME = AppIcon;
				CODE_SIGN_STYLE = Automatic;
				DEVELOPMENT_TEAM = 4Q6BTG8MC6;
				INFOPLIST_FILE = PullDownToDismiss/Info.plist;
				LD_RUNPATH_SEARCH_PATHS = (
					"$(inherited)",
					"@executable_path/Frameworks",
				);
				PRODUCT_BUNDLE_IDENTIFIER = com.theinhtikeaung.PullDownToDismiss;
				PRODUCT_NAME = "$(TARGET_NAME)";
				SWIFT_VERSION = 5.0;
				TARGETED_DEVICE_FAMILY = "1,2";
			};
			name = Release;
		};
/* End XCBuildConfiguration section */

/* Begin XCConfigurationList section */
		644A6A8F229CE49E00FFD6C1 /* Build configuration list for PBXProject "PullDownToDismiss" */ = {
			isa = XCConfigurationList;
			buildConfigurations = (
				644A6AA4229CE4A000FFD6C1 /* Debug */,
				644A6AA5229CE4A000FFD6C1 /* Release */,
			);
			defaultConfigurationIsVisible = 0;
			defaultConfigurationName = Release;
		};
		644A6AA6229CE4A000FFD6C1 /* Build configuration list for PBXNativeTarget "PullDownToDismiss" */ = {
			isa = XCConfigurationList;
			buildConfigurations = (
				644A6AA7229CE4A000FFD6C1 /* Debug */,
				644A6AA8229CE4A000FFD6C1 /* Release */,
			);
			defaultConfigurationIsVisible = 0;
			defaultConfigurationName = Release;
		};
/* End XCConfigurationList section */
	};
	rootObject = 644A6A8C229CE49E00FFD6C1 /* Project object */;
}
